github.com/alpinejs/alpine v2.7.3+incompatible h1:JlmRf+301BAvQrShy8o1EW4w/9rDm5Fo1iyCsSqr1Go=
github.com/alpinejs/alpine v2.7.3+incompatible/go.mod h1:BKI81egATMnaKqFeX5HEfYMnjZjcjcZmrYAu5Nck+EY=
github.com/budparr/gohugo-theme-ananke v2.6.7+incompatible h1:rf7CQuO54H9e0hLvuokVG43UONqIEPZaX53mECjKgsg=
github.com/budparr/gohugo-theme-ananke v2.6.7+incompatible/go.mod h1:9r7GN6AMPrEGmdPdobobcORrROP1f0ScFZ6TVYlIafw=
github.com/francoischalifour/medium-zoom v0.4.0 h1:1FCvaqYE/DsgGzb4zy5CsRtBTAL5WV9a53aJFogSX3k=
github.com/francoischalifour/medium-zoom v0.4.0/go.mod h1:KkQgP8cawu9qnT10IEhE7GhOsGpzdaCWjblgIZP8fU4=
github.com/theNewDynamic/gohugo-theme-ananke v2.6.7+incompatible h1:7c+NVmojLSbkk3F0GjCvEgWRI8oZh++vtR9VbNZJuMY=
github.com/theNewDynamic/gohugo-theme-ananke v2.6.7+incompatible/go.mod h1:RlzLLao82tupbQFWEZtV9ibVqr9+2WYw31sCghz3n3Y=
